// !$*UTF8*$!
{
	archiveVersion = 1;
	classes = {
	};
	objectVersion = 50;
	objects = {

/* Begin PBXBuildFile section */
		8BE02DD325CDD60D74CF95A2 /* Pods_ArtistHuntTests.framework in Frameworks */ = {isa = PBXBuildFile; fileRef = B6A239751E49417CB236FF3F /* Pods_ArtistHuntTests.framework */; };
		9A73B0B546C5C5D533DCF760 /* Pods_ArtistHunt.framework in Frameworks */ = {isa = PBXBuildFile; fileRef = 7B9136A5FA50E004C992A785 /* Pods_ArtistHunt.framework */; };
		D040FA9C21D1AFA60021AD61 /* AppDelegate.swift in Sources */ = {isa = PBXBuildFile; fileRef = D040FA9B21D1AFA60021AD61 /* AppDelegate.swift */; };
		D040FA9E21D1AFA60021AD61 /* PostsViewController.swift in Sources */ = {isa = PBXBuildFile; fileRef = D040FA9D21D1AFA60021AD61 /* PostsViewController.swift */; };
		D040FAA021D1AFA60021AD61 /* AddPostViewController.swift in Sources */ = {isa = PBXBuildFile; fileRef = D040FA9F21D1AFA60021AD61 /* AddPostViewController.swift */; };
		D040FAA321D1AFA60021AD61 /* Main.storyboard in Resources */ = {isa = PBXBuildFile; fileRef = D040FAA121D1AFA60021AD61 /* Main.storyboard */; };
		D040FAA821D1AFA70021AD61 /* LaunchScreen.storyboard in Resources */ = {isa = PBXBuildFile; fileRef = D040FAA621D1AFA70021AD61 /* LaunchScreen.storyboard */; };
		D040FAB321D1AFA70021AD61 /* ArtistHuntTests.swift in Sources */ = {isa = PBXBuildFile; fileRef = D040FAB221D1AFA70021AD61 /* ArtistHuntTests.swift */; };
		D040FABE21D1AFA70021AD61 /* ArtistHuntUITests.swift in Sources */ = {isa = PBXBuildFile; fileRef = D040FABD21D1AFA70021AD61 /* ArtistHuntUITests.swift */; };
		D040FACD21D1B8930021AD61 /* ProfileViewController.swift in Sources */ = {isa = PBXBuildFile; fileRef = D040FACC21D1B8930021AD61 /* ProfileViewController.swift */; };
		D040FACF21D1B9690021AD61 /* LoginViewController.swift in Sources */ = {isa = PBXBuildFile; fileRef = D040FACE21D1B9690021AD61 /* LoginViewController.swift */; };
		D040FAD121D1B97F0021AD61 /* RegistrationViewController.swift in Sources */ = {isa = PBXBuildFile; fileRef = D040FAD021D1B97F0021AD61 /* RegistrationViewController.swift */; };
		D040FAD621D2E5B20021AD61 /* Model.swift in Sources */ = {isa = PBXBuildFile; fileRef = D040FAD521D2E5B20021AD61 /* Model.swift */; };
		D0B8448C21D322C700451B50 /* UserClient.swift in Sources */ = {isa = PBXBuildFile; fileRef = D0B8448B21D322C700451B50 /* UserClient.swift */; };
		D0B8448E21D39A8100451B50 /* UserRouterApi.swift in Sources */ = {isa = PBXBuildFile; fileRef = D0B8448D21D39A8100451B50 /* UserRouterApi.swift */; };
		D0B8449021D39FE600451B50 /* Constants.swift in Sources */ = {isa = PBXBuildFile; fileRef = D0B8448F21D39FE600451B50 /* Constants.swift */; };
		D0B8449221D3C48E00451B50 /* APIErrorConstants.swift in Sources */ = {isa = PBXBuildFile; fileRef = D0B8449121D3C48E00451B50 /* APIErrorConstants.swift */; };
		D0B8449421D4290200451B50 /* AuthenticationController.swift in Sources */ = {isa = PBXBuildFile; fileRef = D0B8449321D4290200451B50 /* AuthenticationController.swift */; };
		D0B8449621D44F5700451B50 /* Assets.xcassets in Resources */ = {isa = PBXBuildFile; fileRef = D0B8449521D44F5700451B50 /* Assets.xcassets */; };
		D0B8449921D455BE00451B50 /* CustomTabBarController.swift in Sources */ = {isa = PBXBuildFile; fileRef = D0B8449821D455BE00451B50 /* CustomTabBarController.swift */; };
		EF878E15CEC95CCFC16A9F39 /* Pods_ArtistHuntUITests.framework in Frameworks */ = {isa = PBXBuildFile; fileRef = EB428F570AFE43896AFBEC9B /* Pods_ArtistHuntUITests.framework */; };
/* End PBXBuildFile section */

/* Begin PBXContainerItemProxy section */
		D040FAAF21D1AFA70021AD61 /* PBXContainerItemProxy */ = {
			isa = PBXContainerItemProxy;
			containerPortal = D040FA9021D1AFA60021AD61 /* Project object */;
			proxyType = 1;
			remoteGlobalIDString = D040FA9721D1AFA60021AD61;
			remoteInfo = ArtistHunt;
		};
		D040FABA21D1AFA70021AD61 /* PBXContainerItemProxy */ = {
			isa = PBXContainerItemProxy;
			containerPortal = D040FA9021D1AFA60021AD61 /* Project object */;
			proxyType = 1;
			remoteGlobalIDString = D040FA9721D1AFA60021AD61;
			remoteInfo = ArtistHunt;
		};
/* End PBXContainerItemProxy section */

/* Begin PBXFileReference section */
		2DB5CD750B0706BF7399E56C /* Pods-ArtistHuntTests.debug.xcconfig */ = {isa = PBXFileReference; includeInIndex = 1; lastKnownFileType = text.xcconfig; name = "Pods-ArtistHuntTests.debug.xcconfig"; path = "Pods/Target Support Files/Pods-ArtistHuntTests/Pods-ArtistHuntTests.debug.xcconfig"; sourceTree = "<group>"; };
		540794A470D97EFC4BD4A41F /* Pods-ArtistHunt.debug.xcconfig */ = {isa = PBXFileReference; includeInIndex = 1; lastKnownFileType = text.xcconfig; name = "Pods-ArtistHunt.debug.xcconfig"; path = "Pods/Target Support Files/Pods-ArtistHunt/Pods-ArtistHunt.debug.xcconfig"; sourceTree = "<group>"; };
		562785386C5FC849AD198B0D /* Pods-ArtistHunt.release.xcconfig */ = {isa = PBXFileReference; includeInIndex = 1; lastKnownFileType = text.xcconfig; name = "Pods-ArtistHunt.release.xcconfig"; path = "Pods/Target Support Files/Pods-ArtistHunt/Pods-ArtistHunt.release.xcconfig"; sourceTree = "<group>"; };
		7B9136A5FA50E004C992A785 /* Pods_ArtistHunt.framework */ = {isa = PBXFileReference; explicitFileType = wrapper.framework; includeInIndex = 0; path = Pods_ArtistHunt.framework; sourceTree = BUILT_PRODUCTS_DIR; };
		B6A239751E49417CB236FF3F /* Pods_ArtistHuntTests.framework */ = {isa = PBXFileReference; explicitFileType = wrapper.framework; includeInIndex = 0; path = Pods_ArtistHuntTests.framework; sourceTree = BUILT_PRODUCTS_DIR; };
		CB84C8AA21C4847BD35EC1B1 /* Pods-ArtistHuntUITests.release.xcconfig */ = {isa = PBXFileReference; includeInIndex = 1; lastKnownFileType = text.xcconfig; name = "Pods-ArtistHuntUITests.release.xcconfig"; path = "Pods/Target Support Files/Pods-ArtistHuntUITests/Pods-ArtistHuntUITests.release.xcconfig"; sourceTree = "<group>"; };
		D040FA9821D1AFA60021AD61 /* ArtistHunt.app */ = {isa = PBXFileReference; explicitFileType = wrapper.application; includeInIndex = 0; path = ArtistHunt.app; sourceTree = BUILT_PRODUCTS_DIR; };
		D040FA9B21D1AFA60021AD61 /* AppDelegate.swift */ = {isa = PBXFileReference; lastKnownFileType = sourcecode.swift; path = AppDelegate.swift; sourceTree = "<group>"; };
		D040FA9D21D1AFA60021AD61 /* PostsViewController.swift */ = {isa = PBXFileReference; lastKnownFileType = sourcecode.swift; path = PostsViewController.swift; sourceTree = "<group>"; };
		D040FA9F21D1AFA60021AD61 /* AddPostViewController.swift */ = {isa = PBXFileReference; lastKnownFileType = sourcecode.swift; path = AddPostViewController.swift; sourceTree = "<group>"; };
		D040FAA221D1AFA60021AD61 /* Base */ = {isa = PBXFileReference; lastKnownFileType = file.storyboard; name = Base; path = Base.lproj/Main.storyboard; sourceTree = "<group>"; };
		D040FAA721D1AFA70021AD61 /* Base */ = {isa = PBXFileReference; lastKnownFileType = file.storyboard; name = Base; path = Base.lproj/LaunchScreen.storyboard; sourceTree = "<group>"; };
		D040FAA921D1AFA70021AD61 /* Info.plist */ = {isa = PBXFileReference; lastKnownFileType = text.plist.xml; path = Info.plist; sourceTree = "<group>"; };
		D040FAAE21D1AFA70021AD61 /* ArtistHuntTests.xctest */ = {isa = PBXFileReference; explicitFileType = wrapper.cfbundle; includeInIndex = 0; path = ArtistHuntTests.xctest; sourceTree = BUILT_PRODUCTS_DIR; };
		D040FAB221D1AFA70021AD61 /* ArtistHuntTests.swift */ = {isa = PBXFileReference; lastKnownFileType = sourcecode.swift; path = ArtistHuntTests.swift; sourceTree = "<group>"; };
		D040FAB421D1AFA70021AD61 /* Info.plist */ = {isa = PBXFileReference; lastKnownFileType = text.plist.xml; path = Info.plist; sourceTree = "<group>"; };
		D040FAB921D1AFA70021AD61 /* ArtistHuntUITests.xctest */ = {isa = PBXFileReference; explicitFileType = wrapper.cfbundle; includeInIndex = 0; path = ArtistHuntUITests.xctest; sourceTree = BUILT_PRODUCTS_DIR; };
		D040FABD21D1AFA70021AD61 /* ArtistHuntUITests.swift */ = {isa = PBXFileReference; lastKnownFileType = sourcecode.swift; path = ArtistHuntUITests.swift; sourceTree = "<group>"; };
		D040FABF21D1AFA70021AD61 /* Info.plist */ = {isa = PBXFileReference; lastKnownFileType = text.plist.xml; path = Info.plist; sourceTree = "<group>"; };
		D040FACC21D1B8930021AD61 /* ProfileViewController.swift */ = {isa = PBXFileReference; lastKnownFileType = sourcecode.swift; path = ProfileViewController.swift; sourceTree = "<group>"; };
		D040FACE21D1B9690021AD61 /* LoginViewController.swift */ = {isa = PBXFileReference; lastKnownFileType = sourcecode.swift; path = LoginViewController.swift; sourceTree = "<group>"; };
		D040FAD021D1B97F0021AD61 /* RegistrationViewController.swift */ = {isa = PBXFileReference; lastKnownFileType = sourcecode.swift; path = RegistrationViewController.swift; sourceTree = "<group>"; };
		D040FAD521D2E5B20021AD61 /* Model.swift */ = {isa = PBXFileReference; lastKnownFileType = sourcecode.swift; path = Model.swift; sourceTree = "<group>"; };
		D0B8448B21D322C700451B50 /* UserClient.swift */ = {isa = PBXFileReference; lastKnownFileType = sourcecode.swift; path = UserClient.swift; sourceTree = "<group>"; };
		D0B8448D21D39A8100451B50 /* UserRouterApi.swift */ = {isa = PBXFileReference; lastKnownFileType = sourcecode.swift; path = UserRouterApi.swift; sourceTree = "<group>"; };
		D0B8448F21D39FE600451B50 /* Constants.swift */ = {isa = PBXFileReference; lastKnownFileType = sourcecode.swift; path = Constants.swift; sourceTree = "<group>"; };
		D0B8449121D3C48E00451B50 /* APIErrorConstants.swift */ = {isa = PBXFileReference; lastKnownFileType = sourcecode.swift; path = APIErrorConstants.swift; sourceTree = "<group>"; };
		D0B8449321D4290200451B50 /* AuthenticationController.swift */ = {isa = PBXFileReference; lastKnownFileType = sourcecode.swift; path = AuthenticationController.swift; sourceTree = "<group>"; };
		D0B8449521D44F5700451B50 /* Assets.xcassets */ = {isa = PBXFileReference; lastKnownFileType = folder.assetcatalog; name = Assets.xcassets; path = ../../../../../../.Trash/Assets.xcassets; sourceTree = "<group>"; };
		D0B8449821D455BE00451B50 /* CustomTabBarController.swift */ = {isa = PBXFileReference; lastKnownFileType = sourcecode.swift; path = CustomTabBarController.swift; sourceTree = "<group>"; };
		EB428F570AFE43896AFBEC9B /* Pods_ArtistHuntUITests.framework */ = {isa = PBXFileReference; explicitFileType = wrapper.framework; includeInIndex = 0; path = Pods_ArtistHuntUITests.framework; sourceTree = BUILT_PRODUCTS_DIR; };
		EDD6E7AB1E2ABA3FC7A8D31C /* Pods-ArtistHuntTests.release.xcconfig */ = {isa = PBXFileReference; includeInIndex = 1; lastKnownFileType = text.xcconfig; name = "Pods-ArtistHuntTests.release.xcconfig"; path = "Pods/Target Support Files/Pods-ArtistHuntTests/Pods-ArtistHuntTests.release.xcconfig"; sourceTree = "<group>"; };
		F57B97CDFF3C52C811F68FC0 /* Pods-ArtistHuntUITests.debug.xcconfig */ = {isa = PBXFileReference; includeInIndex = 1; lastKnownFileType = text.xcconfig; name = "Pods-ArtistHuntUITests.debug.xcconfig"; path = "Pods/Target Support Files/Pods-ArtistHuntUITests/Pods-ArtistHuntUITests.debug.xcconfig"; sourceTree = "<group>"; };
/* End PBXFileReference section */

/* Begin PBXFrameworksBuildPhase section */
		D040FA9521D1AFA60021AD61 /* Frameworks */ = {
			isa = PBXFrameworksBuildPhase;
			buildActionMask = 2147483647;
			files = (
				9A73B0B546C5C5D533DCF760 /* Pods_ArtistHunt.framework in Frameworks */,
			);
			runOnlyForDeploymentPostprocessing = 0;
		};
		D040FAAB21D1AFA70021AD61 /* Frameworks */ = {
			isa = PBXFrameworksBuildPhase;
			buildActionMask = 2147483647;
			files = (
				8BE02DD325CDD60D74CF95A2 /* Pods_ArtistHuntTests.framework in Frameworks */,
			);
			runOnlyForDeploymentPostprocessing = 0;
		};
		D040FAB621D1AFA70021AD61 /* Frameworks */ = {
			isa = PBXFrameworksBuildPhase;
			buildActionMask = 2147483647;
			files = (
				EF878E15CEC95CCFC16A9F39 /* Pods_ArtistHuntUITests.framework in Frameworks */,
			);
			runOnlyForDeploymentPostprocessing = 0;
		};
/* End PBXFrameworksBuildPhase section */

/* Begin PBXGroup section */
		2034559B22306641D5BD34E8 /* Frameworks */ = {
			isa = PBXGroup;
			children = (
				7B9136A5FA50E004C992A785 /* Pods_ArtistHunt.framework */,
				B6A239751E49417CB236FF3F /* Pods_ArtistHuntTests.framework */,
				EB428F570AFE43896AFBEC9B /* Pods_ArtistHuntUITests.framework */,
			);
			name = Frameworks;
			sourceTree = "<group>";
		};
		BB52F80AF43B0592B26AE521 /* Pods */ = {
			isa = PBXGroup;
			children = (
				540794A470D97EFC4BD4A41F /* Pods-ArtistHunt.debug.xcconfig */,
				562785386C5FC849AD198B0D /* Pods-ArtistHunt.release.xcconfig */,
				2DB5CD750B0706BF7399E56C /* Pods-ArtistHuntTests.debug.xcconfig */,
				EDD6E7AB1E2ABA3FC7A8D31C /* Pods-ArtistHuntTests.release.xcconfig */,
				F57B97CDFF3C52C811F68FC0 /* Pods-ArtistHuntUITests.debug.xcconfig */,
				CB84C8AA21C4847BD35EC1B1 /* Pods-ArtistHuntUITests.release.xcconfig */,
			);
			name = Pods;
			sourceTree = "<group>";
		};
		D040FA8F21D1AFA60021AD61 = {
			isa = PBXGroup;
			children = (
				D040FA9A21D1AFA60021AD61 /* ArtistHunt */,
				D040FAB121D1AFA70021AD61 /* ArtistHuntTests */,
				D040FABC21D1AFA70021AD61 /* ArtistHuntUITests */,
				D040FA9921D1AFA60021AD61 /* Products */,
				BB52F80AF43B0592B26AE521 /* Pods */,
				2034559B22306641D5BD34E8 /* Frameworks */,
			);
			sourceTree = "<group>";
		};
		D040FA9921D1AFA60021AD61 /* Products */ = {
			isa = PBXGroup;
			children = (
				D040FA9821D1AFA60021AD61 /* ArtistHunt.app */,
				D040FAAE21D1AFA70021AD61 /* ArtistHuntTests.xctest */,
				D040FAB921D1AFA70021AD61 /* ArtistHuntUITests.xctest */,
			);
			name = Products;
			sourceTree = "<group>";
		};
		D040FA9A21D1AFA60021AD61 /* ArtistHunt */ = {
			isa = PBXGroup;
			children = (
				D0B8449721D4559D00451B50 /* Utils */,
				D0B8448A21D3228E00451B50 /* Network */,
				D040FAD421D2DFCC0021AD61 /* Controllers */,
				D040FAD221D2D6080021AD61 /* Domain */,
				D040FACB21D1B3230021AD61 /* Authentication */,
				D040FA9B21D1AFA60021AD61 /* AppDelegate.swift */,
				D040FAA121D1AFA60021AD61 /* Main.storyboard */,
				D0B8449521D44F5700451B50 /* Assets.xcassets */,
				D040FAA621D1AFA70021AD61 /* LaunchScreen.storyboard */,
				D040FAA921D1AFA70021AD61 /* Info.plist */,
			);
			path = ArtistHunt;
			sourceTree = "<group>";
		};
		D040FAB121D1AFA70021AD61 /* ArtistHuntTests */ = {
			isa = PBXGroup;
			children = (
				D040FAB221D1AFA70021AD61 /* ArtistHuntTests.swift */,
				D040FAB421D1AFA70021AD61 /* Info.plist */,
			);
			path = ArtistHuntTests;
			sourceTree = "<group>";
		};
		D040FABC21D1AFA70021AD61 /* ArtistHuntUITests */ = {
			isa = PBXGroup;
			children = (
				D040FABD21D1AFA70021AD61 /* ArtistHuntUITests.swift */,
				D040FABF21D1AFA70021AD61 /* Info.plist */,
			);
			path = ArtistHuntUITests;
			sourceTree = "<group>";
		};
		D040FACB21D1B3230021AD61 /* Authentication */ = {
			isa = PBXGroup;
			children = (
				D040FACE21D1B9690021AD61 /* LoginViewController.swift */,
				D040FAD021D1B97F0021AD61 /* RegistrationViewController.swift */,
				D0B8449321D4290200451B50 /* AuthenticationController.swift */,
			);
			path = Authentication;
			sourceTree = "<group>";
		};
		D040FAD221D2D6080021AD61 /* Domain */ = {
			isa = PBXGroup;
			children = (
				D040FAD321D2DFBC0021AD61 /* Models */,
			);
			path = Domain;
			sourceTree = "<group>";
		};
		D040FAD321D2DFBC0021AD61 /* Models */ = {
			isa = PBXGroup;
			children = (
				D040FAD521D2E5B20021AD61 /* Model.swift */,
			);
			path = Models;
			sourceTree = "<group>";
		};
		D040FAD421D2DFCC0021AD61 /* Controllers */ = {
			isa = PBXGroup;
			children = (
				D040FACC21D1B8930021AD61 /* ProfileViewController.swift */,
				D040FA9D21D1AFA60021AD61 /* PostsViewController.swift */,
				D040FA9F21D1AFA60021AD61 /* AddPostViewController.swift */,
			);
			path = Controllers;
			sourceTree = "<group>";
		};
		D0B8448A21D3228E00451B50 /* Network */ = {
			isa = PBXGroup;
			children = (
				D0B8448B21D322C700451B50 /* UserClient.swift */,
				D0B8448D21D39A8100451B50 /* UserRouterApi.swift */,
				D0B8449121D3C48E00451B50 /* APIErrorConstants.swift */,
			);
			path = Network;
			sourceTree = "<group>";
		};
		D0B8449721D4559D00451B50 /* Utils */ = {
			isa = PBXGroup;
			children = (
				D0B8448F21D39FE600451B50 /* Constants.swift */,
				D0B8449821D455BE00451B50 /* CustomTabBarController.swift */,
			);
			path = Utils;
			sourceTree = "<group>";
		};
/* End PBXGroup section */

/* Begin PBXNativeTarget section */
		D040FA9721D1AFA60021AD61 /* ArtistHunt */ = {
			isa = PBXNativeTarget;
			buildConfigurationList = D040FAC221D1AFA70021AD61 /* Build configuration list for PBXNativeTarget "ArtistHunt" */;
			buildPhases = (
				90F0504DFF2E6D35D3A37964 /* [CP] Check Pods Manifest.lock */,
				D040FA9421D1AFA60021AD61 /* Sources */,
				D040FA9521D1AFA60021AD61 /* Frameworks */,
				D040FA9621D1AFA60021AD61 /* Resources */,
				3B33819015C85805460FB548 /* [CP] Embed Pods Frameworks */,
			);
			buildRules = (
			);
			dependencies = (
			);
			name = ArtistHunt;
			productName = ArtistHunt;
			productReference = D040FA9821D1AFA60021AD61 /* ArtistHunt.app */;
			productType = "com.apple.product-type.application";
		};
		D040FAAD21D1AFA70021AD61 /* ArtistHuntTests */ = {
			isa = PBXNativeTarget;
			buildConfigurationList = D040FAC521D1AFA70021AD61 /* Build configuration list for PBXNativeTarget "ArtistHuntTests" */;
			buildPhases = (
				08642914AD809C05669E4E00 /* [CP] Check Pods Manifest.lock */,
				D040FAAA21D1AFA70021AD61 /* Sources */,
				D040FAAB21D1AFA70021AD61 /* Frameworks */,
				D040FAAC21D1AFA70021AD61 /* Resources */,
			);
			buildRules = (
			);
			dependencies = (
				D040FAB021D1AFA70021AD61 /* PBXTargetDependency */,
			);
			name = ArtistHuntTests;
			productName = ArtistHuntTests;
			productReference = D040FAAE21D1AFA70021AD61 /* ArtistHuntTests.xctest */;
			productType = "com.apple.product-type.bundle.unit-test";
		};
		D040FAB821D1AFA70021AD61 /* ArtistHuntUITests */ = {
			isa = PBXNativeTarget;
			buildConfigurationList = D040FAC821D1AFA70021AD61 /* Build configuration list for PBXNativeTarget "ArtistHuntUITests" */;
			buildPhases = (
				7E1DCEEC3802F0D1134D55B3 /* [CP] Check Pods Manifest.lock */,
				D040FAB521D1AFA70021AD61 /* Sources */,
				D040FAB621D1AFA70021AD61 /* Frameworks */,
				D040FAB721D1AFA70021AD61 /* Resources */,
			);
			buildRules = (
			);
			dependencies = (
				D040FABB21D1AFA70021AD61 /* PBXTargetDependency */,
			);
			name = ArtistHuntUITests;
			productName = ArtistHuntUITests;
			productReference = D040FAB921D1AFA70021AD61 /* ArtistHuntUITests.xctest */;
			productType = "com.apple.product-type.bundle.ui-testing";
		};
/* End PBXNativeTarget section */

/* Begin PBXProject section */
		D040FA9021D1AFA60021AD61 /* Project object */ = {
			isa = PBXProject;
			attributes = {
				LastSwiftUpdateCheck = 1010;
				LastUpgradeCheck = 1010;
				ORGANIZATIONNAME = "Leunes Media";
				TargetAttributes = {
					D040FA9721D1AFA60021AD61 = {
						CreatedOnToolsVersion = 10.1;
					};
					D040FAAD21D1AFA70021AD61 = {
						CreatedOnToolsVersion = 10.1;
						TestTargetID = D040FA9721D1AFA60021AD61;
					};
					D040FAB821D1AFA70021AD61 = {
						CreatedOnToolsVersion = 10.1;
						TestTargetID = D040FA9721D1AFA60021AD61;
					};
				};
			};
			buildConfigurationList = D040FA9321D1AFA60021AD61 /* Build configuration list for PBXProject "ArtistHunt" */;
			compatibilityVersion = "Xcode 9.3";
			developmentRegion = en;
			hasScannedForEncodings = 0;
			knownRegions = (
				en,
				Base,
			);
			mainGroup = D040FA8F21D1AFA60021AD61;
			productRefGroup = D040FA9921D1AFA60021AD61 /* Products */;
			projectDirPath = "";
			projectRoot = "";
			targets = (
				D040FA9721D1AFA60021AD61 /* ArtistHunt */,
				D040FAAD21D1AFA70021AD61 /* ArtistHuntTests */,
				D040FAB821D1AFA70021AD61 /* ArtistHuntUITests */,
			);
		};
/* End PBXProject section */

/* Begin PBXResourcesBuildPhase section */
		D040FA9621D1AFA60021AD61 /* Resources */ = {
			isa = PBXResourcesBuildPhase;
			buildActionMask = 2147483647;
			files = (
				D040FAA821D1AFA70021AD61 /* LaunchScreen.storyboard in Resources */,
				D0B8449621D44F5700451B50 /* Assets.xcassets in Resources */,
				D040FAA321D1AFA60021AD61 /* Main.storyboard in Resources */,
			);
			runOnlyForDeploymentPostprocessing = 0;
		};
		D040FAAC21D1AFA70021AD61 /* Resources */ = {
			isa = PBXResourcesBuildPhase;
			buildActionMask = 2147483647;
			files = (
			);
			runOnlyForDeploymentPostprocessing = 0;
		};
		D040FAB721D1AFA70021AD61 /* Resources */ = {
			isa = PBXResourcesBuildPhase;
			buildActionMask = 2147483647;
			files = (
			);
			runOnlyForDeploymentPostprocessing = 0;
		};
/* End PBXResourcesBuildPhase section */

/* Begin PBXShellScriptBuildPhase section */
		08642914AD809C05669E4E00 /* [CP] Check Pods Manifest.lock */ = {
			isa = PBXShellScriptBuildPhase;
			buildActionMask = 2147483647;
			files = (
			);
			inputFileListPaths = (
			);
			inputPaths = (
				"${PODS_PODFILE_DIR_PATH}/Podfile.lock",
				"${PODS_ROOT}/Manifest.lock",
			);
			name = "[CP] Check Pods Manifest.lock";
			outputFileListPaths = (
			);
			outputPaths = (
				"$(DERIVED_FILE_DIR)/Pods-ArtistHuntTests-checkManifestLockResult.txt",
			);
			runOnlyForDeploymentPostprocessing = 0;
			shellPath = /bin/sh;
			shellScript = "diff \"${PODS_PODFILE_DIR_PATH}/Podfile.lock\" \"${PODS_ROOT}/Manifest.lock\" > /dev/null\nif [ $? != 0 ] ; then\n    # print error to STDERR\n    echo \"error: The sandbox is not in sync with the Podfile.lock. Run 'pod install' or update your CocoaPods installation.\" >&2\n    exit 1\nfi\n# This output is used by Xcode 'outputs' to avoid re-running this script phase.\necho \"SUCCESS\" > \"${SCRIPT_OUTPUT_FILE_0}\"\n";
			showEnvVarsInLog = 0;
		};
		3B33819015C85805460FB548 /* [CP] Embed Pods Frameworks */ = {
			isa = PBXShellScriptBuildPhase;
			buildActionMask = 2147483647;
			files = (
			);
			inputFileListPaths = (
			);
			inputPaths = (
				"${SRCROOT}/Pods/Target Support Files/Pods-ArtistHunt/Pods-ArtistHunt-frameworks.sh",
				"${BUILT_PRODUCTS_DIR}/Alamofire/Alamofire.framework",
				"${BUILT_PRODUCTS_DIR}/KeychainSwift/KeychainSwift.framework",
				"${BUILT_PRODUCTS_DIR}/RxAtomic/RxAtomic.framework",
				"${BUILT_PRODUCTS_DIR}/RxCocoa/RxCocoa.framework",
				"${BUILT_PRODUCTS_DIR}/RxSwift/RxSwift.framework",
				"${BUILT_PRODUCTS_DIR}/SkyFloatingLabelTextField/SkyFloatingLabelTextField.framework",
			);
			name = "[CP] Embed Pods Frameworks";
			outputFileListPaths = (
			);
			outputPaths = (
				"${TARGET_BUILD_DIR}/${FRAMEWORKS_FOLDER_PATH}/Alamofire.framework",
				"${TARGET_BUILD_DIR}/${FRAMEWORKS_FOLDER_PATH}/KeychainSwift.framework",
				"${TARGET_BUILD_DIR}/${FRAMEWORKS_FOLDER_PATH}/RxAtomic.framework",
				"${TARGET_BUILD_DIR}/${FRAMEWORKS_FOLDER_PATH}/RxCocoa.framework",
				"${TARGET_BUILD_DIR}/${FRAMEWORKS_FOLDER_PATH}/RxSwift.framework",
				"${TARGET_BUILD_DIR}/${FRAMEWORKS_FOLDER_PATH}/SkyFloatingLabelTextField.framework",
			);
			runOnlyForDeploymentPostprocessing = 0;
			shellPath = /bin/sh;
			shellScript = "\"${SRCROOT}/Pods/Target Support Files/Pods-ArtistHunt/Pods-ArtistHunt-frameworks.sh\"\n";
			showEnvVarsInLog = 0;
		};
		7E1DCEEC3802F0D1134D55B3 /* [CP] Check Pods Manifest.lock */ = {
			isa = PBXShellScriptBuildPhase;
			buildActionMask = 2147483647;
			files = (
			);
			inputFileListPaths = (
			);
			inputPaths = (
				"${PODS_PODFILE_DIR_PATH}/Podfile.lock",
				"${PODS_ROOT}/Manifest.lock",
			);
			name = "[CP] Check Pods Manifest.lock";
			outputFileListPaths = (
			);
			outputPaths = (
				"$(DERIVED_FILE_DIR)/Pods-ArtistHuntUITests-checkManifestLockResult.txt",
			);
			runOnlyForDeploymentPostprocessing = 0;
			shellPath = /bin/sh;
			shellScript = "diff \"${PODS_PODFILE_DIR_PATH}/Podfile.lock\" \"${PODS_ROOT}/Manifest.lock\" > /dev/null\nif [ $? != 0 ] ; then\n    # print error to STDERR\n    echo \"error: The sandbox is not in sync with the Podfile.lock. Run 'pod install' or update your CocoaPods installation.\" >&2\n    exit 1\nfi\n# This output is used by Xcode 'outputs' to avoid re-running this script phase.\necho \"SUCCESS\" > \"${SCRIPT_OUTPUT_FILE_0}\"\n";
			showEnvVarsInLog = 0;
		};
		90F0504DFF2E6D35D3A37964 /* [CP] Check Pods Manifest.lock */ = {
			isa = PBXShellScriptBuildPhase;
			buildActionMask = 2147483647;
			files = (
			);
			inputFileListPaths = (
			);
			inputPaths = (
				"${PODS_PODFILE_DIR_PATH}/Podfile.lock",
				"${PODS_ROOT}/Manifest.lock",
			);
			name = "[CP] Check Pods Manifest.lock";
			outputFileListPaths = (
			);
			outputPaths = (
				"$(DERIVED_FILE_DIR)/Pods-ArtistHunt-checkManifestLockResult.txt",
			);
			runOnlyForDeploymentPostprocessing = 0;
			shellPath = /bin/sh;
			shellScript = "diff \"${PODS_PODFILE_DIR_PATH}/Podfile.lock\" \"${PODS_ROOT}/Manifest.lock\" > /dev/null\nif [ $? != 0 ] ; then\n    # print error to STDERR\n    echo \"error: The sandbox is not in sync with the Podfile.lock. Run 'pod install' or update your CocoaPods installation.\" >&2\n    exit 1\nfi\n# This output is used by Xcode 'outputs' to avoid re-running this script phase.\necho \"SUCCESS\" > \"${SCRIPT_OUTPUT_FILE_0}\"\n";
			showEnvVarsInLog = 0;
		};
/* End PBXShellScriptBuildPhase section */

/* Begin PBXSourcesBuildPhase section */
		D040FA9421D1AFA60021AD61 /* Sources */ = {
			isa = PBXSourcesBuildPhase;
			buildActionMask = 2147483647;
			files = (
				D040FAD621D2E5B20021AD61 /* Model.swift in Sources */,
				D0B8448E21D39A8100451B50 /* UserRouterApi.swift in Sources */,
				D040FAD121D1B97F0021AD61 /* RegistrationViewController.swift in Sources */,
				D0B8449221D3C48E00451B50 /* APIErrorConstants.swift in Sources */,
				D040FAA021D1AFA60021AD61 /* AddPostViewController.swift in Sources */,
				D040FA9C21D1AFA60021AD61 /* AppDelegate.swift in Sources */,
				D0B8449021D39FE600451B50 /* Constants.swift in Sources */,
				D040FACD21D1B8930021AD61 /* ProfileViewController.swift in Sources */,
				D040FACF21D1B9690021AD61 /* LoginViewController.swift in Sources */,
				D0B8449421D4290200451B50 /* AuthenticationController.swift in Sources */,
				D0B8449921D455BE00451B50 /* CustomTabBarController.swift in Sources */,
				D0B8448C21D322C700451B50 /* UserClient.swift in Sources */,
				D040FA9E21D1AFA60021AD61 /* PostsViewController.swift in Sources */,
			);
			runOnlyForDeploymentPostprocessing = 0;
		};
		D040FAAA21D1AFA70021AD61 /* Sources */ = {
			isa = PBXSourcesBuildPhase;
			buildActionMask = 2147483647;
			files = (
				D040FAB321D1AFA70021AD61 /* ArtistHuntTests.swift in Sources */,
			);
			runOnlyForDeploymentPostprocessing = 0;
		};
		D040FAB521D1AFA70021AD61 /* Sources */ = {
			isa = PBXSourcesBuildPhase;
			buildActionMask = 2147483647;
			files = (
				D040FABE21D1AFA70021AD61 /* ArtistHuntUITests.swift in Sources */,
			);
			runOnlyForDeploymentPostprocessing = 0;
		};
/* End PBXSourcesBuildPhase section */

/* Begin PBXTargetDependency section */
		D040FAB021D1AFA70021AD61 /* PBXTargetDependency */ = {
			isa = PBXTargetDependency;
			target = D040FA9721D1AFA60021AD61 /* ArtistHunt */;
			targetProxy = D040FAAF21D1AFA70021AD61 /* PBXContainerItemProxy */;
		};
		D040FABB21D1AFA70021AD61 /* PBXTargetDependency */ = {
			isa = PBXTargetDependency;
			target = D040FA9721D1AFA60021AD61 /* ArtistHunt */;
			targetProxy = D040FABA21D1AFA70021AD61 /* PBXContainerItemProxy */;
		};
/* End PBXTargetDependency section */

/* Begin PBXVariantGroup section */
		D040FAA121D1AFA60021AD61 /* Main.storyboard */ = {
			isa = PBXVariantGroup;
			children = (
				D040FAA221D1AFA60021AD61 /* Base */,
			);
			name = Main.storyboard;
			sourceTree = "<group>";
		};
		D040FAA621D1AFA70021AD61 /* LaunchScreen.storyboard */ = {
			isa = PBXVariantGroup;
			children = (
				D040FAA721D1AFA70021AD61 /* Base */,
			);
			name = LaunchScreen.storyboard;
			sourceTree = "<group>";
		};
/* End PBXVariantGroup section */

/* Begin XCBuildConfiguration section */
		D040FAC021D1AFA70021AD61 /* Debug */ = {
			isa = XCBuildConfiguration;
			buildSettings = {
				ALWAYS_SEARCH_USER_PATHS = NO;
				CLANG_ANALYZER_NONNULL = YES;
				CLANG_ANALYZER_NUMBER_OBJECT_CONVERSION = YES_AGGRESSIVE;
				CLANG_CXX_LANGUAGE_STANDARD = "gnu++14";
				CLANG_CXX_LIBRARY = "libc++";
				CLANG_ENABLE_MODULES = YES;
				CLANG_ENABLE_OBJC_ARC = YES;
				CLANG_ENABLE_OBJC_WEAK = YES;
				CLANG_WARN_BLOCK_CAPTURE_AUTORELEASING = YES;
				CLANG_WARN_BOOL_CONVERSION = YES;
				CLANG_WARN_COMMA = YES;
				CLANG_WARN_CONSTANT_CONVERSION = YES;
				CLANG_WARN_DEPRECATED_OBJC_IMPLEMENTATIONS = YES;
				CLANG_WARN_DIRECT_OBJC_ISA_USAGE = YES_ERROR;
				CLANG_WARN_DOCUMENTATION_COMMENTS = YES;
				CLANG_WARN_EMPTY_BODY = YES;
				CLANG_WARN_ENUM_CONVERSION = YES;
				CLANG_WARN_INFINITE_RECURSION = YES;
				CLANG_WARN_INT_CONVERSION = YES;
				CLANG_WARN_NON_LITERAL_NULL_CONVERSION = YES;
				CLANG_WARN_OBJC_IMPLICIT_RETAIN_SELF = YES;
				CLANG_WARN_OBJC_LITERAL_CONVERSION = YES;
				CLANG_WARN_OBJC_ROOT_CLASS = YES_ERROR;
				CLANG_WARN_RANGE_LOOP_ANALYSIS = YES;
				CLANG_WARN_STRICT_PROTOTYPES = YES;
				CLANG_WARN_SUSPICIOUS_MOVE = YES;
				CLANG_WARN_UNGUARDED_AVAILABILITY = YES_AGGRESSIVE;
				CLANG_WARN_UNREACHABLE_CODE = YES;
				CLANG_WARN__DUPLICATE_METHOD_MATCH = YES;
				CODE_SIGN_IDENTITY = "iPhone Developer";
				COPY_PHASE_STRIP = NO;
				DEBUG_INFORMATION_FORMAT = dwarf;
				ENABLE_STRICT_OBJC_MSGSEND = YES;
				ENABLE_TESTABILITY = YES;
				GCC_C_LANGUAGE_STANDARD = gnu11;
				GCC_DYNAMIC_NO_PIC = NO;
				GCC_NO_COMMON_BLOCKS = YES;
				GCC_OPTIMIZATION_LEVEL = 0;
				GCC_PREPROCESSOR_DEFINITIONS = (
					"DEBUG=1",
					"$(inherited)",
				);
				GCC_WARN_64_TO_32_BIT_CONVERSION = YES;
				GCC_WARN_ABOUT_RETURN_TYPE = YES_ERROR;
				GCC_WARN_UNDECLARED_SELECTOR = YES;
				GCC_WARN_UNINITIALIZED_AUTOS = YES_AGGRESSIVE;
				GCC_WARN_UNUSED_FUNCTION = YES;
				GCC_WARN_UNUSED_VARIABLE = YES;
				IPHONEOS_DEPLOYMENT_TARGET = 12.1;
				MTL_ENABLE_DEBUG_INFO = INCLUDE_SOURCE;
				MTL_FAST_MATH = YES;
				ONLY_ACTIVE_ARCH = YES;
				SDKROOT = iphoneos;
				SWIFT_ACTIVE_COMPILATION_CONDITIONS = DEBUG;
				SWIFT_OPTIMIZATION_LEVEL = "-Onone";
			};
			name = Debug;
		};
		D040FAC121D1AFA70021AD61 /* Release */ = {
			isa = XCBuildConfiguration;
			buildSettings = {
				ALWAYS_SEARCH_USER_PATHS = NO;
				CLANG_ANALYZER_NONNULL = YES;
				CLANG_ANALYZER_NUMBER_OBJECT_CONVERSION = YES_AGGRESSIVE;
				CLANG_CXX_LANGUAGE_STANDARD = "gnu++14";
				CLANG_CXX_LIBRARY = "libc++";
				CLANG_ENABLE_MODULES = YES;
				CLANG_ENABLE_OBJC_ARC = YES;
				CLANG_ENABLE_OBJC_WEAK = YES;
				CLANG_WARN_BLOCK_CAPTURE_AUTORELEASING = YES;
				CLANG_WARN_BOOL_CONVERSION = YES;
				CLANG_WARN_COMMA = YES;
				CLANG_WARN_CONSTANT_CONVERSION = YES;
				CLANG_WARN_DEPRECATED_OBJC_IMPLEMENTATIONS = YES;
				CLANG_WARN_DIRECT_OBJC_ISA_USAGE = YES_ERROR;
				CLANG_WARN_DOCUMENTATION_COMMENTS = YES;
				CLANG_WARN_EMPTY_BODY = YES;
				CLANG_WARN_ENUM_CONVERSION = YES;
				CLANG_WARN_INFINITE_RECURSION = YES;
				CLANG_WARN_INT_CONVERSION = YES;
				CLANG_WARN_NON_LITERAL_NULL_CONVERSION = YES;
				CLANG_WARN_OBJC_IMPLICIT_RETAIN_SELF = YES;
				CLANG_WARN_OBJC_LITERAL_CONVERSION = YES;
				CLANG_WARN_OBJC_ROOT_CLASS = YES_ERROR;
				CLANG_WARN_RANGE_LOOP_ANALYSIS = YES;
				CLANG_WARN_STRICT_PROTOTYPES = YES;
				CLANG_WARN_SUSPICIOUS_MOVE = YES;
				CLANG_WARN_UNGUARDED_AVAILABILITY = YES_AGGRESSIVE;
				CLANG_WARN_UNREACHABLE_CODE = YES;
				CLANG_WARN__DUPLICATE_METHOD_MATCH = YES;
				CODE_SIGN_IDENTITY = "iPhone Developer";
				COPY_PHASE_STRIP = NO;
				DEBUG_INFORMATION_FORMAT = "dwarf-with-dsym";
				ENABLE_NS_ASSERTIONS = NO;
				ENABLE_STRICT_OBJC_MSGSEND = YES;
				GCC_C_LANGUAGE_STANDARD = gnu11;
				GCC_NO_COMMON_BLOCKS = YES;
				GCC_WARN_64_TO_32_BIT_CONVERSION = YES;
				GCC_WARN_ABOUT_RETURN_TYPE = YES_ERROR;
				GCC_WARN_UNDECLARED_SELECTOR = YES;
				GCC_WARN_UNINITIALIZED_AUTOS = YES_AGGRESSIVE;
				GCC_WARN_UNUSED_FUNCTION = YES;
				GCC_WARN_UNUSED_VARIABLE = YES;
				IPHONEOS_DEPLOYMENT_TARGET = 12.1;
				MTL_ENABLE_DEBUG_INFO = NO;
				MTL_FAST_MATH = YES;
				SDKROOT = iphoneos;
				SWIFT_COMPILATION_MODE = wholemodule;
				SWIFT_OPTIMIZATION_LEVEL = "-O";
				VALIDATE_PRODUCT = YES;
			};
			name = Release;
		};
		D040FAC321D1AFA70021AD61 /* Debug */ = {
			isa = XCBuildConfiguration;
			baseConfigurationReference = 540794A470D97EFC4BD4A41F /* Pods-ArtistHunt.debug.xcconfig */;
			buildSettings = {
				ASSETCATALOG_COMPILER_APPICON_NAME = AppIcon;
				CODE_SIGN_STYLE = Automatic;
				DEVELOPMENT_TEAM = VPU2G3JG9S;
				INFOPLIST_FILE = ArtistHunt/Info.plist;
				LD_RUNPATH_SEARCH_PATHS = (
					"$(inherited)",
					"@executable_path/Frameworks",
				);
				PRODUCT_BUNDLE_IDENTIFIER = LeunesMedia.ArtistHunt;
				PRODUCT_NAME = "$(TARGET_NAME)";
				SWIFT_VERSION = 4.2;
				TARGETED_DEVICE_FAMILY = "1,2";
			};
			name = Debug;
		};
		D040FAC421D1AFA70021AD61 /* Release */ = {
			isa = XCBuildConfiguration;
			baseConfigurationReference = 562785386C5FC849AD198B0D /* Pods-ArtistHunt.release.xcconfig */;
			buildSettings = {
				ASSETCATALOG_COMPILER_APPICON_NAME = AppIcon;
				CODE_SIGN_STYLE = Automatic;
				DEVELOPMENT_TEAM = VPU2G3JG9S;
				INFOPLIST_FILE = ArtistHunt/Info.plist;
				LD_RUNPATH_SEARCH_PATHS = (
					"$(inherited)",
					"@executable_path/Frameworks",
				);
				PRODUCT_BUNDLE_IDENTIFIER = LeunesMedia.ArtistHunt;
				PRODUCT_NAME = "$(TARGET_NAME)";
				SWIFT_VERSION = 4.2;
				TARGETED_DEVICE_FAMILY = "1,2";
			};
			name = Release;
		};
		D040FAC621D1AFA70021AD61 /* Debug */ = {
			isa = XCBuildConfiguration;
			baseConfigurationReference = 2DB5CD750B0706BF7399E56C /* Pods-ArtistHuntTests.debug.xcconfig */;
			buildSettings = {
				ALWAYS_EMBED_SWIFT_STANDARD_LIBRARIES = YES;
				BUNDLE_LOADER = "$(TEST_HOST)";
				CODE_SIGN_STYLE = Automatic;
				DEVELOPMENT_TEAM = VPU2G3JG9S;
				INFOPLIST_FILE = ArtistHuntTests/Info.plist;
				LD_RUNPATH_SEARCH_PATHS = (
					"$(inherited)",
					"@executable_path/Frameworks",
					"@loader_path/Frameworks",
				);
				PRODUCT_BUNDLE_IDENTIFIER = LeunesMedia.ArtistHuntTests;
				PRODUCT_NAME = "$(TARGET_NAME)";
				SWIFT_VERSION = 4.2;
				TARGETED_DEVICE_FAMILY = "1,2";
				TEST_HOST = "$(BUILT_PRODUCTS_DIR)/ArtistHunt.app/ArtistHunt";
			};
			name = Debug;
		};
		D040FAC721D1AFA70021AD61 /* Release */ = {
			isa = XCBuildConfiguration;
			baseConfigurationReference = EDD6E7AB1E2ABA3FC7A8D31C /* Pods-ArtistHuntTests.release.xcconfig */;
			buildSettings = {
				ALWAYS_EMBED_SWIFT_STANDARD_LIBRARIES = YES;
				BUNDLE_LOADER = "$(TEST_HOST)";
				CODE_SIGN_STYLE = Automatic;
				DEVELOPMENT_TEAM = VPU2G3JG9S;
				INFOPLIST_FILE = ArtistHuntTests/Info.plist;
				LD_RUNPATH_SEARCH_PATHS = (
					"$(inherited)",
					"@executable_path/Frameworks",
					"@loader_path/Frameworks",
				);
				PRODUCT_BUNDLE_IDENTIFIER = LeunesMedia.ArtistHuntTests;
				PRODUCT_NAME = "$(TARGET_NAME)";
				SWIFT_VERSION = 4.2;
				TARGETED_DEVICE_FAMILY = "1,2";
				TEST_HOST = "$(BUILT_PRODUCTS_DIR)/ArtistHunt.app/ArtistHunt";
			};
			name = Release;
		};
		D040FAC921D1AFA70021AD61 /* Debug */ = {
			isa = XCBuildConfiguration;
			baseConfigurationReference = F57B97CDFF3C52C811F68FC0 /* Pods-ArtistHuntUITests.debug.xcconfig */;
			buildSettings = {
				ALWAYS_EMBED_SWIFT_STANDARD_LIBRARIES = YES;
				CODE_SIGN_STYLE = Automatic;
				DEVELOPMENT_TEAM = VPU2G3JG9S;
				INFOPLIST_FILE = ArtistHuntUITests/Info.plist;
				LD_RUNPATH_SEARCH_PATHS = (
					"$(inherited)",
					"@executable_path/Frameworks",
					"@loader_path/Frameworks",
				);
				PRODUCT_BUNDLE_IDENTIFIER = LeunesMedia.ArtistHuntUITests;
				PRODUCT_NAME = "$(TARGET_NAME)";
				SWIFT_VERSION = 4.2;
				TARGETED_DEVICE_FAMILY = "1,2";
				TEST_TARGET_NAME = ArtistHunt;
			};
			name = Debug;
		};
		D040FACA21D1AFA70021AD61 /* Release */ = {
			isa = XCBuildConfiguration;
			baseConfigurationReference = CB84C8AA21C4847BD35EC1B1 /* Pods-ArtistHuntUITests.release.xcconfig */;
			buildSettings = {
				ALWAYS_EMBED_SWIFT_STANDARD_LIBRARIES = YES;
				CODE_SIGN_STYLE = Automatic;
				DEVELOPMENT_TEAM = VPU2G3JG9S;
				INFOPLIST_FILE = ArtistHuntUITests/Info.plist;
				LD_RUNPATH_SEARCH_PATHS = (
					"$(inherited)",
					"@executable_path/Frameworks",
					"@loader_path/Frameworks",
				);
				PRODUCT_BUNDLE_IDENTIFIER = LeunesMedia.ArtistHuntUITests;
				PRODUCT_NAME = "$(TARGET_NAME)";
				SWIFT_VERSION = 4.2;
				TARGETED_DEVICE_FAMILY = "1,2";
				TEST_TARGET_NAME = ArtistHunt;
			};
			name = Release;
		};
/* End XCBuildConfiguration section */

/* Begin XCConfigurationList section */
		D040FA9321D1AFA60021AD61 /* Build configuration list for PBXProject "ArtistHunt" */ = {
			isa = XCConfigurationList;
			buildConfigurations = (
				D040FAC021D1AFA70021AD61 /* Debug */,
				D040FAC121D1AFA70021AD61 /* Release */,
			);
			defaultConfigurationIsVisible = 0;
			defaultConfigurationName = Release;
		};
		D040FAC221D1AFA70021AD61 /* Build configuration list for PBXNativeTarget "ArtistHunt" */ = {
			isa = XCConfigurationList;
			buildConfigurations = (
				D040FAC321D1AFA70021AD61 /* Debug */,
				D040FAC421D1AFA70021AD61 /* Release */,
			);
			defaultConfigurationIsVisible = 0;
			defaultConfigurationName = Release;
		};
		D040FAC521D1AFA70021AD61 /* Build configuration list for PBXNativeTarget "ArtistHuntTests" */ = {
			isa = XCConfigurationList;
			buildConfigurations = (
				D040FAC621D1AFA70021AD61 /* Debug */,
				D040FAC721D1AFA70021AD61 /* Release */,
			);
			defaultConfigurationIsVisible = 0;
			defaultConfigurationName = Release;
		};
		D040FAC821D1AFA70021AD61 /* Build configuration list for PBXNativeTarget "ArtistHuntUITests" */ = {
			isa = XCConfigurationList;
			buildConfigurations = (
				D040FAC921D1AFA70021AD61 /* Debug */,
				D040FACA21D1AFA70021AD61 /* Release */,
			);
			defaultConfigurationIsVisible = 0;
			defaultConfigurationName = Release;
		};
/* End XCConfigurationList section */
	};
	rootObject = D040FA9021D1AFA60021AD61 /* Project object */;
}
